// !$*UTF8*$!
{
	archiveVersion = 1;
	classes = {
	};
	objectVersion = 56;
	objects = {

/* Begin PBXBuildFile section */
		634636C92C3478120089F61A /* Character.swift in Sources */ = {isa = PBXBuildFile; fileRef = 634636C82C3478120089F61A /* Character.swift */; };
		634636CB2C3478390089F61A /* NetworkManager.swift in Sources */ = {isa = PBXBuildFile; fileRef = 634636CA2C3478390089F61A /* NetworkManager.swift */; };
		634636CE2C34787B0089F61A /* CharacterListView.swift in Sources */ = {isa = PBXBuildFile; fileRef = 634636CD2C34787B0089F61A /* CharacterListView.swift */; };
		634636D02C3478850089F61A /* CharacterDetailView.swift in Sources */ = {isa = PBXBuildFile; fileRef = 634636CF2C3478850089F61A /* CharacterDetailView.swift */; };
		634636D32C34A61E0089F61A /* UIColor + Extension.swift in Sources */ = {isa = PBXBuildFile; fileRef = 634636D22C34A61E0089F61A /* UIColor + Extension.swift */; };
		634636E32C35DACA0089F61A /* CustomUIKitViewTests.swift in Sources */ = {isa = PBXBuildFile; fileRef = 634636E22C35DACA0089F61A /* CustomUIKitViewTests.swift */; };
		634636EB2C35E8740089F61A /* ViewInspector in Frameworks */ = {isa = PBXBuildFile; productRef = 634636EA2C35E8740089F61A /* ViewInspector */; };
		63BAF7DF2C3421B9001326B1 /* LAndDSparkleAppApp.swift in Sources */ = {isa = PBXBuildFile; fileRef = 63BAF7DE2C3421B9001326B1 /* LAndDSparkleAppApp.swift */; };
		63BAF7E12C3421B9001326B1 /* ContentView.swift in Sources */ = {isa = PBXBuildFile; fileRef = 63BAF7E02C3421B9001326B1 /* ContentView.swift */; };
		63BAF7E32C3421BB001326B1 /* Assets.xcassets in Resources */ = {isa = PBXBuildFile; fileRef = 63BAF7E22C3421BB001326B1 /* Assets.xcassets */; };
		63BAF7E72C3421BB001326B1 /* Preview Assets.xcassets in Resources */ = {isa = PBXBuildFile; fileRef = 63BAF7E62C3421BB001326B1 /* Preview Assets.xcassets */; };
		63BAF7EE2C342247001326B1 /* CustomUIKitViewRepresentable.swift in Sources */ = {isa = PBXBuildFile; fileRef = 63BAF7ED2C342247001326B1 /* CustomUIKitViewRepresentable.swift */; };
/* End PBXBuildFile section */

/* Begin PBXContainerItemProxy section */
		634636E42C35DACA0089F61A /* PBXContainerItemProxy */ = {
			isa = PBXContainerItemProxy;
			containerPortal = 63BAF7D32C3421B9001326B1 /* Project object */;
			proxyType = 1;
			remoteGlobalIDString = 63BAF7DA2C3421B9001326B1;
			remoteInfo = LAndDSparkleApp;
		};
/* End PBXContainerItemProxy section */

/* Begin PBXFileReference section */
		634636C82C3478120089F61A /* Character.swift */ = {isa = PBXFileReference; lastKnownFileType = sourcecode.swift; path = Character.swift; sourceTree = "<group>"; };
		634636CA2C3478390089F61A /* NetworkManager.swift */ = {isa = PBXFileReference; lastKnownFileType = sourcecode.swift; path = NetworkManager.swift; sourceTree = "<group>"; };
		634636CD2C34787B0089F61A /* CharacterListView.swift */ = {isa = PBXFileReference; lastKnownFileType = sourcecode.swift; path = CharacterListView.swift; sourceTree = "<group>"; };
		634636CF2C3478850089F61A /* CharacterDetailView.swift */ = {isa = PBXFileReference; lastKnownFileType = sourcecode.swift; path = CharacterDetailView.swift; sourceTree = "<group>"; };
		634636D22C34A61E0089F61A /* UIColor + Extension.swift */ = {isa = PBXFileReference; lastKnownFileType = sourcecode.swift; path = "UIColor + Extension.swift"; sourceTree = "<group>"; };
		634636E02C35DACA0089F61A /* LAndDSparkleAppTests.xctest */ = {isa = PBXFileReference; explicitFileType = wrapper.cfbundle; includeInIndex = 0; path = LAndDSparkleAppTests.xctest; sourceTree = BUILT_PRODUCTS_DIR; };
		634636E22C35DACA0089F61A /* CustomUIKitViewTests.swift */ = {isa = PBXFileReference; lastKnownFileType = sourcecode.swift; path = CustomUIKitViewTests.swift; sourceTree = "<group>"; };
		63BAF7DB2C3421B9001326B1 /* LAndDSparkleApp.app */ = {isa = PBXFileReference; explicitFileType = wrapper.application; includeInIndex = 0; path = LAndDSparkleApp.app; sourceTree = BUILT_PRODUCTS_DIR; };
		63BAF7DE2C3421B9001326B1 /* LAndDSparkleAppApp.swift */ = {isa = PBXFileReference; lastKnownFileType = sourcecode.swift; path = LAndDSparkleAppApp.swift; sourceTree = "<group>"; };
		63BAF7E02C3421B9001326B1 /* ContentView.swift */ = {isa = PBXFileReference; lastKnownFileType = sourcecode.swift; path = ContentView.swift; sourceTree = "<group>"; };
		63BAF7E22C3421BB001326B1 /* Assets.xcassets */ = {isa = PBXFileReference; lastKnownFileType = folder.assetcatalog; path = Assets.xcassets; sourceTree = "<group>"; };
		63BAF7E42C3421BB001326B1 /* LAndDSparkleApp.entitlements */ = {isa = PBXFileReference; lastKnownFileType = text.plist.entitlements; path = LAndDSparkleApp.entitlements; sourceTree = "<group>"; };
		63BAF7E62C3421BB001326B1 /* Preview Assets.xcassets */ = {isa = PBXFileReference; lastKnownFileType = folder.assetcatalog; path = "Preview Assets.xcassets"; sourceTree = "<group>"; };
		63BAF7ED2C342247001326B1 /* CustomUIKitViewRepresentable.swift */ = {isa = PBXFileReference; lastKnownFileType = sourcecode.swift; path = CustomUIKitViewRepresentable.swift; sourceTree = "<group>"; };
/* End PBXFileReference section */

/* Begin PBXFrameworksBuildPhase section */
		634636DD2C35DACA0089F61A /* Frameworks */ = {
			isa = PBXFrameworksBuildPhase;
			buildActionMask = 2147483647;
			files = (
				634636EB2C35E8740089F61A /* ViewInspector in Frameworks */,
			);
			runOnlyForDeploymentPostprocessing = 0;
		};
		63BAF7D82C3421B9001326B1 /* Frameworks */ = {
			isa = PBXFrameworksBuildPhase;
			buildActionMask = 2147483647;
			files = (
			);
			runOnlyForDeploymentPostprocessing = 0;
		};
/* End PBXFrameworksBuildPhase section */

/* Begin PBXGroup section */
		634636C72C3477FF0089F61A /* Networking */ = {
			isa = PBXGroup;
			children = (
				634636C82C3478120089F61A /* Character.swift */,
				634636CA2C3478390089F61A /* NetworkManager.swift */,
			);
			path = Networking;
			sourceTree = "<group>";
		};
		634636CC2C3478700089F61A /* Screens */ = {
			isa = PBXGroup;
			children = (
				63BAF7E02C3421B9001326B1 /* ContentView.swift */,
				634636CD2C34787B0089F61A /* CharacterListView.swift */,
				634636CF2C3478850089F61A /* CharacterDetailView.swift */,
			);
			path = Screens;
			sourceTree = "<group>";
		};
		634636D12C34A6080089F61A /* UIKitExtension */ = {
			isa = PBXGroup;
			children = (
				634636D22C34A61E0089F61A /* UIColor + Extension.swift */,
			);
			path = UIKitExtension;
			sourceTree = "<group>";
		};
		634636D42C34A6AA0089F61A /* Views */ = {
			isa = PBXGroup;
			children = (
				63BAF7ED2C342247001326B1 /* CustomUIKitViewRepresentable.swift */,
			);
			path = Views;
			sourceTree = "<group>";
		};
		634636E12C35DACA0089F61A /* LAndDSparkleAppTests */ = {
			isa = PBXGroup;
			children = (
				634636E22C35DACA0089F61A /* CustomUIKitViewTests.swift */,
			);
			path = LAndDSparkleAppTests;
			sourceTree = "<group>";
		};
		63BAF7D22C3421B9001326B1 = {
			isa = PBXGroup;
			children = (
				63BAF7DD2C3421B9001326B1 /* LAndDSparkleApp */,
				634636E12C35DACA0089F61A /* LAndDSparkleAppTests */,
				63BAF7DC2C3421B9001326B1 /* Products */,
			);
			sourceTree = "<group>";
		};
		63BAF7DC2C3421B9001326B1 /* Products */ = {
			isa = PBXGroup;
			children = (
				63BAF7DB2C3421B9001326B1 /* LAndDSparkleApp.app */,
				634636E02C35DACA0089F61A /* LAndDSparkleAppTests.xctest */,
			);
			name = Products;
			sourceTree = "<group>";
		};
		63BAF7DD2C3421B9001326B1 /* LAndDSparkleApp */ = {
			isa = PBXGroup;
			children = (
				634636D42C34A6AA0089F61A /* Views */,
				634636D12C34A6080089F61A /* UIKitExtension */,
				634636C72C3477FF0089F61A /* Networking */,
				634636CC2C3478700089F61A /* Screens */,
				63BAF7DE2C3421B9001326B1 /* LAndDSparkleAppApp.swift */,
				63BAF7E22C3421BB001326B1 /* Assets.xcassets */,
				63BAF7E42C3421BB001326B1 /* LAndDSparkleApp.entitlements */,
				63BAF7E52C3421BB001326B1 /* Preview Content */,
			);
			path = LAndDSparkleApp;
			sourceTree = "<group>";
		};
		63BAF7E52C3421BB001326B1 /* Preview Content */ = {
			isa = PBXGroup;
			children = (
				63BAF7E62C3421BB001326B1 /* Preview Assets.xcassets */,
			);
			path = "Preview Content";
			sourceTree = "<group>";
		};
/* End PBXGroup section */

/* Begin PBXNativeTarget section */
		634636DF2C35DACA0089F61A /* LAndDSparkleAppTests */ = {
			isa = PBXNativeTarget;
			buildConfigurationList = 634636E62C35DACA0089F61A /* Build configuration list for PBXNativeTarget "LAndDSparkleAppTests" */;
			buildPhases = (
				634636DC2C35DACA0089F61A /* Sources */,
				634636DD2C35DACA0089F61A /* Frameworks */,
				634636DE2C35DACA0089F61A /* Resources */,
			);
			buildRules = (
			);
			dependencies = (
				634636E52C35DACA0089F61A /* PBXTargetDependency */,
			);
			name = LAndDSparkleAppTests;
			packageProductDependencies = (
				634636EA2C35E8740089F61A /* ViewInspector */,
			);
			productName = LAndDSparkleAppTests;
			productReference = 634636E02C35DACA0089F61A /* LAndDSparkleAppTests.xctest */;
			productType = "com.apple.product-type.bundle.unit-test";
		};
		63BAF7DA2C3421B9001326B1 /* LAndDSparkleApp */ = {
			isa = PBXNativeTarget;
			buildConfigurationList = 63BAF7EA2C3421BB001326B1 /* Build configuration list for PBXNativeTarget "LAndDSparkleApp" */;
			buildPhases = (
				63BAF7D72C3421B9001326B1 /* Sources */,
				63BAF7D82C3421B9001326B1 /* Frameworks */,
				63BAF7D92C3421B9001326B1 /* Resources */,
			);
			buildRules = (
			);
			dependencies = (
			);
			name = LAndDSparkleApp;
			productName = LAndDSparkleApp;
			productReference = 63BAF7DB2C3421B9001326B1 /* LAndDSparkleApp.app */;
			productType = "com.apple.product-type.application";
		};
/* End PBXNativeTarget section */

/* Begin PBXProject section */
		63BAF7D32C3421B9001326B1 /* Project object */ = {
			isa = PBXProject;
			attributes = {
				BuildIndependentTargetsInParallel = 1;
				LastSwiftUpdateCheck = 1530;
				LastUpgradeCheck = 1530;
				TargetAttributes = {
					634636DF2C35DACA0089F61A = {
						CreatedOnToolsVersion = 15.3;
						TestTargetID = 63BAF7DA2C3421B9001326B1;
					};
					63BAF7DA2C3421B9001326B1 = {
						CreatedOnToolsVersion = 15.3;
					};
				};
			};
			buildConfigurationList = 63BAF7D62C3421B9001326B1 /* Build configuration list for PBXProject "LAndDSparkleApp" */;
			compatibilityVersion = "Xcode 14.0";
			developmentRegion = en;
			hasScannedForEncodings = 0;
			knownRegions = (
				en,
				Base,
			);
			mainGroup = 63BAF7D22C3421B9001326B1;
			packageReferences = (
				634636E92C35E8740089F61A /* XCRemoteSwiftPackageReference "ViewInspector" */,
			);
			productRefGroup = 63BAF7DC2C3421B9001326B1 /* Products */;
			projectDirPath = "";
			projectRoot = "";
			targets = (
				63BAF7DA2C3421B9001326B1 /* LAndDSparkleApp */,
				634636DF2C35DACA0089F61A /* LAndDSparkleAppTests */,
			);
		};
/* End PBXProject section */

/* Begin PBXResourcesBuildPhase section */
		634636DE2C35DACA0089F61A /* Resources */ = {
			isa = PBXResourcesBuildPhase;
			buildActionMask = 2147483647;
			files = (
			);
			runOnlyForDeploymentPostprocessing = 0;
		};
		63BAF7D92C3421B9001326B1 /* Resources */ = {
			isa = PBXResourcesBuildPhase;
			buildActionMask = 2147483647;
			files = (
				63BAF7E72C3421BB001326B1 /* Preview Assets.xcassets in Resources */,
				63BAF7E32C3421BB001326B1 /* Assets.xcassets in Resources */,
			);
			runOnlyForDeploymentPostprocessing = 0;
		};
/* End PBXResourcesBuildPhase section */

/* Begin PBXSourcesBuildPhase section */
		634636DC2C35DACA0089F61A /* Sources */ = {
			isa = PBXSourcesBuildPhase;
			buildActionMask = 2147483647;
			files = (
				634636E32C35DACA0089F61A /* CustomUIKitViewTests.swift in Sources */,
			);
			runOnlyForDeploymentPostprocessing = 0;
		};
		63BAF7D72C3421B9001326B1 /* Sources */ = {
			isa = PBXSourcesBuildPhase;
			buildActionMask = 2147483647;
			files = (
				634636CE2C34787B0089F61A /* CharacterListView.swift in Sources */,
				634636D32C34A61E0089F61A /* UIColor + Extension.swift in Sources */,
				63BAF7EE2C342247001326B1 /* CustomUIKitViewRepresentable.swift in Sources */,
				63BAF7E12C3421B9001326B1 /* ContentView.swift in Sources */,
				634636D02C3478850089F61A /* CharacterDetailView.swift in Sources */,
				634636CB2C3478390089F61A /* NetworkManager.swift in Sources */,
				63BAF7DF2C3421B9001326B1 /* LAndDSparkleAppApp.swift in Sources */,
				634636C92C3478120089F61A /* Character.swift in Sources */,
			);
			runOnlyForDeploymentPostprocessing = 0;
		};
/* End PBXSourcesBuildPhase section */

/* Begin PBXTargetDependency section */
		634636E52C35DACA0089F61A /* PBXTargetDependency */ = {
			isa = PBXTargetDependency;
			target = 63BAF7DA2C3421B9001326B1 /* LAndDSparkleApp */;
			targetProxy = 634636E42C35DACA0089F61A /* PBXContainerItemProxy */;
		};
/* End PBXTargetDependency section */

/* Begin XCBuildConfiguration section */
		634636E72C35DACA0089F61A /* Debug */ = {
			isa = XCBuildConfiguration;
			buildSettings = {
				BUNDLE_LOADER = "$(TEST_HOST)";
				CODE_SIGN_STYLE = Automatic;
				CURRENT_PROJECT_VERSION = 1;
				DEVELOPMENT_TEAM = L5KQK28X5U;
				GENERATE_INFOPLIST_FILE = YES;
				IPHONEOS_DEPLOYMENT_TARGET = 17.4;
				MARKETING_VERSION = 1.0;
				PRODUCT_BUNDLE_IDENTIFIER = com.tesleemamuda.LAndDSparkleAppTests;
				PRODUCT_NAME = "$(TARGET_NAME)";
				SDKROOT = iphoneos;
				SWIFT_EMIT_LOC_STRINGS = NO;
				SWIFT_VERSION = 5.0;
				TARGETED_DEVICE_FAMILY = "1,2";
				TEST_HOST = "$(BUILT_PRODUCTS_DIR)/LAndDSparkleApp.app/$(BUNDLE_EXECUTABLE_FOLDER_PATH)/LAndDSparkleApp";
			};
			name = Debug;
		};
		634636E82C35DACA0089F61A /* Release */ = {
			isa = XCBuildConfiguration;
			buildSettings = {
				BUNDLE_LOADER = "$(TEST_HOST)";
				CODE_SIGN_STYLE = Automatic;
				CURRENT_PROJECT_VERSION = 1;
				DEVELOPMENT_TEAM = L5KQK28X5U;
				GENERATE_INFOPLIST_FILE = YES;
				IPHONEOS_DEPLOYMENT_TARGET = 17.4;
				MARKETING_VERSION = 1.0;
				PRODUCT_BUNDLE_IDENTIFIER = com.tesleemamuda.LAndDSparkleAppTests;
				PRODUCT_NAME = "$(TARGET_NAME)";
				SDKROOT = iphoneos;
				SWIFT_EMIT_LOC_STRINGS = NO;
				SWIFT_VERSION = 5.0;
				TARGETED_DEVICE_FAMILY = "1,2";
				TEST_HOST = "$(BUILT_PRODUCTS_DIR)/LAndDSparkleApp.app/$(BUNDLE_EXECUTABLE_FOLDER_PATH)/LAndDSparkleApp";
				VALIDATE_PRODUCT = YES;
			};
			name = Release;
		};
		63BAF7E82C3421BB001326B1 /* Debug */ = {
			isa = XCBuildConfiguration;
			buildSettings = {
				ALWAYS_SEARCH_USER_PATHS = NO;
				ASSETCATALOG_COMPILER_GENERATE_SWIFT_ASSET_SYMBOL_EXTENSIONS = YES;
				CLANG_ANALYZER_NONNULL = YES;
				CLANG_ANALYZER_NUMBER_OBJECT_CONVERSION = YES_AGGRESSIVE;
				CLANG_CXX_LANGUAGE_STANDARD = "gnu++20";
				CLANG_ENABLE_MODULES = YES;
				CLANG_ENABLE_OBJC_ARC = YES;
				CLANG_ENABLE_OBJC_WEAK = YES;
				CLANG_WARN_BLOCK_CAPTURE_AUTORELEASING = YES;
				CLANG_WARN_BOOL_CONVERSION = YES;
				CLANG_WARN_COMMA = YES;
				CLANG_WARN_CONSTANT_CONVERSION = YES;
				CLANG_WARN_DEPRECATED_OBJC_IMPLEMENTATIONS = YES;
				CLANG_WARN_DIRECT_OBJC_ISA_USAGE = YES_ERROR;
				CLANG_WARN_DOCUMENTATION_COMMENTS = YES;
				CLANG_WARN_EMPTY_BODY = YES;
				CLANG_WARN_ENUM_CONVERSION = YES;
				CLANG_WARN_INFINITE_RECURSION = YES;
				CLANG_WARN_INT_CONVERSION = YES;
				CLANG_WARN_NON_LITERAL_NULL_CONVERSION = YES;
				CLANG_WARN_OBJC_IMPLICIT_RETAIN_SELF = YES;
				CLANG_WARN_OBJC_LITERAL_CONVERSION = YES;
				CLANG_WARN_OBJC_ROOT_CLASS = YES_ERROR;
				CLANG_WARN_QUOTED_INCLUDE_IN_FRAMEWORK_HEADER = YES;
				CLANG_WARN_RANGE_LOOP_ANALYSIS = YES;
				CLANG_WARN_STRICT_PROTOTYPES = YES;
				CLANG_WARN_SUSPICIOUS_MOVE = YES;
				CLANG_WARN_UNGUARDED_AVAILABILITY = YES_AGGRESSIVE;
				CLANG_WARN_UNREACHABLE_CODE = YES;
				CLANG_WARN__DUPLICATE_METHOD_MATCH = YES;
				COPY_PHASE_STRIP = NO;
				DEBUG_INFORMATION_FORMAT = dwarf;
				ENABLE_STRICT_OBJC_MSGSEND = YES;
				ENABLE_TESTABILITY = YES;
				ENABLE_USER_SCRIPT_SANDBOXING = YES;
				GCC_C_LANGUAGE_STANDARD = gnu17;
				GCC_DYNAMIC_NO_PIC = NO;
				GCC_NO_COMMON_BLOCKS = YES;
				GCC_OPTIMIZATION_LEVEL = 0;
				GCC_PREPROCESSOR_DEFINITIONS = (
					"DEBUG=1",
					"$(inherited)",
				);
				GCC_WARN_64_TO_32_BIT_CONVERSION = YES;
				GCC_WARN_ABOUT_RETURN_TYPE = YES_ERROR;
				GCC_WARN_UNDECLARED_SELECTOR = YES;
				GCC_WARN_UNINITIALIZED_AUTOS = YES_AGGRESSIVE;
				GCC_WARN_UNUSED_FUNCTION = YES;
				GCC_WARN_UNUSED_VARIABLE = YES;
				LOCALIZATION_PREFERS_STRING_CATALOGS = YES;
				MTL_ENABLE_DEBUG_INFO = INCLUDE_SOURCE;
				MTL_FAST_MATH = YES;
				ONLY_ACTIVE_ARCH = YES;
				SWIFT_ACTIVE_COMPILATION_CONDITIONS = "DEBUG $(inherited)";
				SWIFT_OPTIMIZATION_LEVEL = "-Onone";
			};
			name = Debug;
		};
		63BAF7E92C3421BB001326B1 /* Release */ = {
			isa = XCBuildConfiguration;
			buildSettings = {
				ALWAYS_SEARCH_USER_PATHS = NO;
				ASSETCATALOG_COMPILER_GENERATE_SWIFT_ASSET_SYMBOL_EXTENSIONS = YES;
				CLANG_ANALYZER_NONNULL = YES;
				CLANG_ANALYZER_NUMBER_OBJECT_CONVERSION = YES_AGGRESSIVE;
				CLANG_CXX_LANGUAGE_STANDARD = "gnu++20";
				CLANG_ENABLE_MODULES = YES;
				CLANG_ENABLE_OBJC_ARC = YES;
				CLANG_ENABLE_OBJC_WEAK = YES;
				CLANG_WARN_BLOCK_CAPTURE_AUTORELEASING = YES;
				CLANG_WARN_BOOL_CONVERSION = YES;
				CLANG_WARN_COMMA = YES;
				CLANG_WARN_CONSTANT_CONVERSION = YES;
				CLANG_WARN_DEPRECATED_OBJC_IMPLEMENTATIONS = YES;
				CLANG_WARN_DIRECT_OBJC_ISA_USAGE = YES_ERROR;
				CLANG_WARN_DOCUMENTATION_COMMENTS = YES;
				CLANG_WARN_EMPTY_BODY = YES;
				CLANG_WARN_ENUM_CONVERSION = YES;
				CLANG_WARN_INFINITE_RECURSION = YES;
				CLANG_WARN_INT_CONVERSION = YES;
				CLANG_WARN_NON_LITERAL_NULL_CONVERSION = YES;
				CLANG_WARN_OBJC_IMPLICIT_RETAIN_SELF = YES;
				CLANG_WARN_OBJC_LITERAL_CONVERSION = YES;
				CLANG_WARN_OBJC_ROOT_CLASS = YES_ERROR;
				CLANG_WARN_QUOTED_INCLUDE_IN_FRAMEWORK_HEADER = YES;
				CLANG_WARN_RANGE_LOOP_ANALYSIS = YES;
				CLANG_WARN_STRICT_PROTOTYPES = YES;
				CLANG_WARN_SUSPICIOUS_MOVE = YES;
				CLANG_WARN_UNGUARDED_AVAILABILITY = YES_AGGRESSIVE;
				CLANG_WARN_UNREACHABLE_CODE = YES;
				CLANG_WARN__DUPLICATE_METHOD_MATCH = YES;
				COPY_PHASE_STRIP = NO;
				DEBUG_INFORMATION_FORMAT = "dwarf-with-dsym";
				ENABLE_NS_ASSERTIONS = NO;
				ENABLE_STRICT_OBJC_MSGSEND = YES;
				ENABLE_USER_SCRIPT_SANDBOXING = YES;
				GCC_C_LANGUAGE_STANDARD = gnu17;
				GCC_NO_COMMON_BLOCKS = YES;
				GCC_WARN_64_TO_32_BIT_CONVERSION = YES;
				GCC_WARN_ABOUT_RETURN_TYPE = YES_ERROR;
				GCC_WARN_UNDECLARED_SELECTOR = YES;
				GCC_WARN_UNINITIALIZED_AUTOS = YES_AGGRESSIVE;
				GCC_WARN_UNUSED_FUNCTION = YES;
				GCC_WARN_UNUSED_VARIABLE = YES;
				LOCALIZATION_PREFERS_STRING_CATALOGS = YES;
				MTL_ENABLE_DEBUG_INFO = NO;
				MTL_FAST_MATH = YES;
				SWIFT_COMPILATION_MODE = wholemodule;
			};
			name = Release;
		};
		63BAF7EB2C3421BB001326B1 /* Debug */ = {
			isa = XCBuildConfiguration;
			buildSettings = {
				ASSETCATALOG_COMPILER_APPICON_NAME = AppIcon;
				ASSETCATALOG_COMPILER_GLOBAL_ACCENT_COLOR_NAME = AccentColor;
				CODE_SIGN_ENTITLEMENTS = LAndDSparkleApp/LAndDSparkleApp.entitlements;
				CODE_SIGN_STYLE = Automatic;
				CURRENT_PROJECT_VERSION = 1;
				DEVELOPMENT_ASSET_PATHS = "\"LAndDSparkleApp/Preview Content\"";
				DEVELOPMENT_TEAM = L5KQK28X5U;
				ENABLE_HARDENED_RUNTIME = YES;
				ENABLE_PREVIEWS = YES;
				GENERATE_INFOPLIST_FILE = YES;
				"INFOPLIST_KEY_UIApplicationSceneManifest_Generation[sdk=iphoneos*]" = YES;
				"INFOPLIST_KEY_UIApplicationSceneManifest_Generation[sdk=iphonesimulator*]" = YES;
				"INFOPLIST_KEY_UIApplicationSupportsIndirectInputEvents[sdk=iphoneos*]" = YES;
				"INFOPLIST_KEY_UIApplicationSupportsIndirectInputEvents[sdk=iphonesimulator*]" = YES;
				"INFOPLIST_KEY_UILaunchScreen_Generation[sdk=iphoneos*]" = YES;
				"INFOPLIST_KEY_UILaunchScreen_Generation[sdk=iphonesimulator*]" = YES;
				"INFOPLIST_KEY_UIStatusBarStyle[sdk=iphoneos*]" = UIStatusBarStyleDefault;
				"INFOPLIST_KEY_UIStatusBarStyle[sdk=iphonesimulator*]" = UIStatusBarStyleDefault;
				INFOPLIST_KEY_UISupportedInterfaceOrientations_iPad = "UIInterfaceOrientationPortrait UIInterfaceOrientationPortraitUpsideDown UIInterfaceOrientationLandscapeLeft UIInterfaceOrientationLandscapeRight";
				INFOPLIST_KEY_UISupportedInterfaceOrientations_iPhone = "UIInterfaceOrientationPortrait UIInterfaceOrientationLandscapeLeft UIInterfaceOrientationLandscapeRight";
				IPHONEOS_DEPLOYMENT_TARGET = 17.4;
				LD_RUNPATH_SEARCH_PATHS = "@executable_path/Frameworks";
				"LD_RUNPATH_SEARCH_PATHS[sdk=macosx*]" = "@executable_path/../Frameworks";
				MACOSX_DEPLOYMENT_TARGET = 14.4;
				MARKETING_VERSION = 1.0;
				PRODUCT_BUNDLE_IDENTIFIER = com.tesleemamuda.LAndDSparkleApp;
				PRODUCT_NAME = "$(TARGET_NAME)";
				SDKROOT = auto;
				SUPPORTED_PLATFORMS = "iphoneos iphonesimulator macosx";
				SWIFT_EMIT_LOC_STRINGS = YES;
				SWIFT_VERSION = 5.0;
				TARGETED_DEVICE_FAMILY = "1,2";
			};
			name = Debug;
		};
		63BAF7EC2C3421BB001326B1 /* Release */ = {
			isa = XCBuildConfiguration;
			buildSettings = {
				ASSETCATALOG_COMPILER_APPICON_NAME = AppIcon;
				ASSETCATALOG_COMPILER_GLOBAL_ACCENT_COLOR_NAME = AccentColor;
				CODE_SIGN_ENTITLEMENTS = LAndDSparkleApp/LAndDSparkleApp.entitlements;
				CODE_SIGN_STYLE = Automatic;
				CURRENT_PROJECT_VERSION = 1;
				DEVELOPMENT_ASSET_PATHS = "\"LAndDSparkleApp/Preview Content\"";
				DEVELOPMENT_TEAM = L5KQK28X5U;
				ENABLE_HARDENED_RUNTIME = YES;
				ENABLE_PREVIEWS = YES;
				GENERATE_INFOPLIST_FILE = YES;
				"INFOPLIST_KEY_UIApplicationSceneManifest_Generation[sdk=iphoneos*]" = YES;
				"INFOPLIST_KEY_UIApplicationSceneManifest_Generation[sdk=iphonesimulator*]" = YES;
				"INFOPLIST_KEY_UIApplicationSupportsIndirectInputEvents[sdk=iphoneos*]" = YES;
				"INFOPLIST_KEY_UIApplicationSupportsIndirectInputEvents[sdk=iphonesimulator*]" = YES;
				"INFOPLIST_KEY_UILaunchScreen_Generation[sdk=iphoneos*]" = YES;
				"INFOPLIST_KEY_UILaunchScreen_Generation[sdk=iphonesimulator*]" = YES;
				"INFOPLIST_KEY_UIStatusBarStyle[sdk=iphoneos*]" = UIStatusBarStyleDefault;
				"INFOPLIST_KEY_UIStatusBarStyle[sdk=iphonesimulator*]" = UIStatusBarStyleDefault;
				INFOPLIST_KEY_UISupportedInterfaceOrientations_iPad = "UIInterfaceOrientationPortrait UIInterfaceOrientationPortraitUpsideDown UIInterfaceOrientationLandscapeLeft UIInterfaceOrientationLandscapeRight";
				INFOPLIST_KEY_UISupportedInterfaceOrientations_iPhone = "UIInterfaceOrientationPortrait UIInterfaceOrientationLandscapeLeft UIInterfaceOrientationLandscapeRight";
				IPHONEOS_DEPLOYMENT_TARGET = 17.4;
				LD_RUNPATH_SEARCH_PATHS = "@executable_path/Frameworks";
				"LD_RUNPATH_SEARCH_PATHS[sdk=macosx*]" = "@executable_path/../Frameworks";
				MACOSX_DEPLOYMENT_TARGET = 14.4;
				MARKETING_VERSION = 1.0;
				PRODUCT_BUNDLE_IDENTIFIER = com.tesleemamuda.LAndDSparkleApp;
				PRODUCT_NAME = "$(TARGET_NAME)";
				SDKROOT = auto;
				SUPPORTED_PLATFORMS = "iphoneos iphonesimulator macosx";
				SWIFT_EMIT_LOC_STRINGS = YES;
				SWIFT_VERSION = 5.0;
				TARGETED_DEVICE_FAMILY = "1,2";
			};
			name = Release;
		};
/* End XCBuildConfiguration section */

/* Begin XCConfigurationList section */
		634636E62C35DACA0089F61A /* Build configuration list for PBXNativeTarget "LAndDSparkleAppTests" */ = {
			isa = XCConfigurationList;
			buildConfigurations = (
				634636E72C35DACA0089F61A /* Debug */,
				634636E82C35DACA0089F61A /* Release */,
			);
			defaultConfigurationIsVisible = 0;
			defaultConfigurationName = Release;
		};
		63BAF7D62C3421B9001326B1 /* Build configuration list for PBXProject "LAndDSparkleApp" */ = {
			isa = XCConfigurationList;
			buildConfigurations = (
				63BAF7E82C3421BB001326B1 /* Debug */,
				63BAF7E92C3421BB001326B1 /* Release */,
			);
			defaultConfigurationIsVisible = 0;
			defaultConfigurationName = Release;
		};
		63BAF7EA2C3421BB001326B1 /* Build configuration list for PBXNativeTarget "LAndDSparkleApp" */ = {
			isa = XCConfigurationList;
			buildConfigurations = (
				63BAF7EB2C3421BB001326B1 /* Debug */,
				63BAF7EC2C3421BB001326B1 /* Release */,
			);
			defaultConfigurationIsVisible = 0;
			defaultConfigurationName = Release;
		};
/* End XCConfigurationList section */

/* Begin XCRemoteSwiftPackageReference section */
		634636E92C35E8740089F61A /* XCRemoteSwiftPackageReference "ViewInspector" */ = {
			isa = XCRemoteSwiftPackageReference;
			repositoryURL = "https://github.com/nalexn/ViewInspector";
			requirement = {
				kind = exactVersion;
				version = 0.9.11;
			};
		};
/* End XCRemoteSwiftPackageReference section */

/* Begin XCSwiftPackageProductDependency section */
		634636EA2C35E8740089F61A /* ViewInspector */ = {
			isa = XCSwiftPackageProductDependency;
			package = 634636E92C35E8740089F61A /* XCRemoteSwiftPackageReference "ViewInspector" */;
			productName = ViewInspector;
		};
/* End XCSwiftPackageProductDependency section */
	};
	rootObject = 63BAF7D32C3421B9001326B1 /* Project object */;
}
